Microsoft Visual Studio Solution File, Format Version 12.00
# Visual Studio 14
VisualStudioVersion = 14.0.25420.1
MinimumVisualStudioVersion = 10.0.40219.1
Project("{FAE04EC0-301F-11D3-BF4B-00C04F79EFBC}") = "PipelineExtensions", "PipelineExtensions\PipelineExtensions.csproj", "{03C5D534-5B66-4FC9-BF46-3A60B734BAEC}"
EndProject
Project("{FAE04EC0-301F-11D3-BF4B-00C04F79EFBC}") = "PedestrianDesktopGL", "PedestrianDesktopGL\PedestrianDesktopGL.csproj", "{7879DAC7-5FF4-45AE-8726-5F6EA5B42B37}"
EndProject
Project("{FAE04EC0-301F-11D3-BF4B-00C04F79EFBC}") = "PedestrianDesktop", "PedestrianDesktop\PedestrianDesktop.csproj", "{6CA35EA3-D8A2-4DE8-B174-231C3579AFAA}"
EndProject
Global
	GlobalSection(SolutionConfigurationPlatforms) = preSolution
		Debug|Any CPU = Debug|Any CPU
		Debug|x64 = Debug|x64
		Debug|x86 = Debug|x86
		Release|Any CPU = Release|Any CPU
		Release|x64 = Release|x64
		Release|x86 = Release|x86
	EndGlobalSection
	GlobalSection(ProjectConfigurationPlatforms) = postSolution
		{03C5D534-5B66-4FC9-BF46-3A60B734BAEC}.Debug|Any CPU.ActiveCfg = Debug|Any CPU
		{03C5D534-5B66-4FC9-BF46-3A60B734BAEC}.Debug|Any CPU.Build.0 = Debug|Any CPU
		{03C5D534-5B66-4FC9-BF46-3A60B734BAEC}.Debug|x64.ActiveCfg = Debug|x64
		{03C5D534-5B66-4FC9-BF46-3A60B734BAEC}.Debug|x64.Build.0 = Debug|x64
		{03C5D534-5B66-4FC9-BF46-3A60B734BAEC}.Debug|x86.ActiveCfg = Debug|x86
		{03C5D534-5B66-4FC9-BF46-3A60B734BAEC}.Debug|x86.Build.0 = Debug|x86
		{03C5D534-5B66-4FC9-BF46-3A60B734BAEC}.Release|Any CPU.ActiveCfg = Release|Any CPU
		{03C5D534-5B66-4FC9-BF46-3A60B734BAEC}.Release|Any CPU.Build.0 = Release|Any CPU
		{03C5D534-5B66-4FC9-BF46-3A60B734BAEC}.Release|x64.ActiveCfg = Release|x64
		{03C5D534-5B66-4FC9-BF46-3A60B734BAEC}.Release|x64.Build.0 = Release|x64
		{03C5D534-5B66-4FC9-BF46-3A60B734BAEC}.Release|x86.ActiveCfg = Release|x86
		{03C5D534-5B66-4FC9-BF46-3A60B734BAEC}.Release|x86.Build.0 = Release|x86
		{7879DAC7-5FF4-45AE-8726-5F6EA5B42B37}.Debug|Any CPU.ActiveCfg = Debug|Any CPU
		{7879DAC7-5FF4-45AE-8726-5F6EA5B42B37}.Debug|Any CPU.Build.0 = Debug|Any CPU
		{7879DAC7-5FF4-45AE-8726-5F6EA5B42B37}.Debug|x64.ActiveCfg = Debug|Any CPU
		{7879DAC7-5FF4-45AE-8726-5F6EA5B42B37}.Debug|x64.Build.0 = Debug|Any CPU
		{7879DAC7-5FF4-45AE-8726-5F6EA5B42B37}.Debug|x86.ActiveCfg = Debug|Any CPU
		{7879DAC7-5FF4-45AE-8726-5F6EA5B42B37}.Debug|x86.Build.0 = Debug|Any CPU
		{7879DAC7-5FF4-45AE-8726-5F6EA5B42B37}.Release|Any CPU.ActiveCfg = Release|Any CPU
		{7879DAC7-5FF4-45AE-8726-5F6EA5B42B37}.Release|Any CPU.Build.0 = Release|Any CPU
		{7879DAC7-5FF4-45AE-8726-5F6EA5B42B37}.Release|x64.ActiveCfg = Release|Any CPU
		{7879DAC7-5FF4-45AE-8726-5F6EA5B42B37}.Release|x64.Build.0 = Release|Any CPU
		{7879DAC7-5FF4-45AE-8726-5F6EA5B42B37}.Release|x86.ActiveCfg = Release|Any CPU
		{7879DAC7-5FF4-45AE-8726-5F6EA5B42B37}.Release|x86.Build.0 = Release|Any CPU
		{6CA35EA3-D8A2-4DE8-B174-231C3579AFAA}.Debug|Any CPU.ActiveCfg = Debug|Any CPU
		{6CA35EA3-D8A2-4DE8-B174-231C3579AFAA}.Debug|Any CPU.Build.0 = Debug|Any CPU
		{6CA35EA3-D8A2-4DE8-B174-231C3579AFAA}.Debug|x64.ActiveCfg = Debug|Any CPU
		{6CA35EA3-D8A2-4DE8-B174-231C3579AFAA}.Debug|x64.Build.0 = Debug|Any CPU
		{6CA35EA3-D8A2-4DE8-B174-231C3579AFAA}.Debug|x86.ActiveCfg = Debug|Any CPU
		{6CA35EA3-D8A2-4DE8-B174-231C3579AFAA}.Debug|x86.Build.0 = Debug|Any CPU
		{6CA35EA3-D8A2-4DE8-B174-231C3579AFAA}.Release|Any CPU.ActiveCfg = Release|Any CPU
		{6CA35EA3-D8A2-4DE8-B174-231C3579AFAA}.Release|Any CPU.Build.0 = Release|Any CPU
		{6CA35EA3-D8A2-4DE8-B174-231C3579AFAA}.Release|x64.ActiveCfg = Release|Any CPU
		{6CA35EA3-D8A2-4DE8-B174-231C3579AFAA}.Release|x64.Build.0 = Release|Any CPU
		{6CA35EA3-D8A2-4DE8-B174-231C3579AFAA}.Release|x86.ActiveCfg = Release|Any CPU
		{6CA35EA3-D8A2-4DE8-B174-231C3579AFAA}.Release|x86.Build.0 = Release|Any CPU
	EndGlobalSection
	GlobalSection(SolutionProperties) = preSolution
		HideSolutionNode = FALSE
	EndGlobalSection
EndGlobal
